
Microsoft Visual Studio Solution File, Format Version 12.00
# Visual Studio 15
VisualStudioVersion = 15.0.28307.271
MinimumVisualStudioVersion = 10.0.40219.1
Project("{FAE04EC0-301F-11D3-BF4B-00C04F79EFBC}") = "TrabalhoFinal.Web", "TrabalhoFinal.web\TrabalhoFinal.Web.csproj", "{5995C7F0-BA96-4142-A65A-EF6635914AE1}"
EndProject
Project("{FAE04EC0-301F-11D3-BF4B-00C04F79EFBC}") = "Trabalhofinal.Core", "Trabalhofinal.Core\Trabalhofinal.Core.csproj", "{52ED06E7-8C26-46D9-8A36-111411CAD85F}"
EndProject
Project("{FAE04EC0-301F-11D3-BF4B-00C04F79EFBC}") = "TrabalhoFinal.Cmd", "TrabalhoFinal.Cmd\TrabalhoFinal.Cmd.csproj", "{945CB746-9BDA-4551-B629-FE3DA28672D3}"
EndProject
Global
	GlobalSection(SolutionConfigurationPlatforms) = preSolution
		Debug|Any CPU = Debug|Any CPU
		Release|Any CPU = Release|Any CPU
	EndGlobalSection
	GlobalSection(ProjectConfigurationPlatforms) = postSolution
		{5995C7F0-BA96-4142-A65A-EF6635914AE1}.Debug|Any CPU.ActiveCfg = Debug|Any CPU
		{5995C7F0-BA96-4142-A65A-EF6635914AE1}.Debug|Any CPU.Build.0 = Debug|Any CPU
		{5995C7F0-BA96-4142-A65A-EF6635914AE1}.Release|Any CPU.ActiveCfg = Release|Any CPU
		{5995C7F0-BA96-4142-A65A-EF6635914AE1}.Release|Any CPU.Build.0 = Release|Any CPU
		{52ED06E7-8C26-46D9-8A36-111411CAD85F}.Debug|Any CPU.ActiveCfg = Debug|Any CPU
		{52ED06E7-8C26-46D9-8A36-111411CAD85F}.Debug|Any CPU.Build.0 = Debug|Any CPU
		{52ED06E7-8C26-46D9-8A36-111411CAD85F}.Release|Any CPU.ActiveCfg = Release|Any CPU
		{52ED06E7-8C26-46D9-8A36-111411CAD85F}.Release|Any CPU.Build.0 = Release|Any CPU
		{945CB746-9BDA-4551-B629-FE3DA28672D3}.Debug|Any CPU.ActiveCfg = Debug|Any CPU
		{945CB746-9BDA-4551-B629-FE3DA28672D3}.Debug|Any CPU.Build.0 = Debug|Any CPU
		{945CB746-9BDA-4551-B629-FE3DA28672D3}.Release|Any CPU.ActiveCfg = Release|Any CPU
		{945CB746-9BDA-4551-B629-FE3DA28672D3}.Release|Any CPU.Build.0 = Release|Any CPU
	EndGlobalSection
	GlobalSection(SolutionProperties) = preSolution
		HideSolutionNode = FALSE
	EndGlobalSection
	GlobalSection(ExtensibilityGlobals) = postSolution
		SolutionGuid = {94CCD5D1-06A7-4DE8-91D7-EDBFA6EB7DD6}
	EndGlobalSection
EndGlobal
